
Microsoft Visual Studio Solution File, Format Version 12.00
# Visual Studio Version 17
VisualStudioVersion = 17.0.32014.148
MinimumVisualStudioVersion = 10.0.40219.1
Project("{FAE04EC0-301F-11D3-BF4B-00C04F79EFBC}") = "NextHome", "NextHome\NextHome.csproj", "{90BCBCDE-7AE4-4C2F-AE86-2781F812E7CE}"
EndProject
Global
	GlobalSection(SolutionConfigurationPlatforms) = preSolution
		Debug|Any CPU = Debug|Any CPU
		Release|Any CPU = Release|Any CPU
	EndGlobalSection
	GlobalSection(ProjectConfigurationPlatforms) = postSolution
		{90BCBCDE-7AE4-4C2F-AE86-2781F812E7CE}.Debug|Any CPU.ActiveCfg = Debug|Any CPU
		{90BCBCDE-7AE4-4C2F-AE86-2781F812E7CE}.Debug|Any CPU.Build.0 = Debug|Any CPU
		{90BCBCDE-7AE4-4C2F-AE86-2781F812E7CE}.Release|Any CPU.ActiveCfg = Release|Any CPU
		{90BCBCDE-7AE4-4C2F-AE86-2781F812E7CE}.Release|Any CPU.Build.0 = Release|Any CPU
	EndGlobalSection
	GlobalSection(SolutionProperties) = preSolution
		HideSolutionNode = FALSE
	EndGlobalSection
	GlobalSection(ExtensibilityGlobals) = postSolution
		SolutionGuid = {59EBBD34-D166-469A-AD04-660163D6F545}
	EndGlobalSection
EndGlobal
